// !$*UTF8*$!
{
	archiveVersion = 1;
	classes = {
	};
	objectVersion = 46;
	objects = {

/* Begin PBXBuildFile section */
		981EF7751CE1A25F004A1A38 /* AppDelegate.swift in Sources */ = {isa = PBXBuildFile; fileRef = 981EF7741CE1A25F004A1A38 /* AppDelegate.swift */; };
		981EF7771CE1A25F004A1A38 /* ViewController.swift in Sources */ = {isa = PBXBuildFile; fileRef = 981EF7761CE1A25F004A1A38 /* ViewController.swift */; };
		981EF77A1CE1A25F004A1A38 /* Main.storyboard in Resources */ = {isa = PBXBuildFile; fileRef = 981EF7781CE1A25F004A1A38 /* Main.storyboard */; };
		981EF77C1CE1A25F004A1A38 /* Assets.xcassets in Resources */ = {isa = PBXBuildFile; fileRef = 981EF77B1CE1A25F004A1A38 /* Assets.xcassets */; };
		981EF77F1CE1A25F004A1A38 /* LaunchScreen.storyboard in Resources */ = {isa = PBXBuildFile; fileRef = 981EF77D1CE1A25F004A1A38 /* LaunchScreen.storyboard */; };
/* End PBXBuildFile section */

/* Begin PBXFileReference section */
		981EF7711CE1A25E004A1A38 /* Infinite-scroll-swift.app */ = {isa = PBXFileReference; explicitFileType = wrapper.application; includeInIndex = 0; path = "Infinite-scroll-swift.app"; sourceTree = BUILT_PRODUCTS_DIR; };
		981EF7741CE1A25F004A1A38 /* AppDelegate.swift */ = {isa = PBXFileReference; lastKnownFileType = sourcecode.swift; path = AppDelegate.swift; sourceTree = "<group>"; };
		981EF7761CE1A25F004A1A38 /* ViewController.swift */ = {isa = PBXFileReference; lastKnownFileType = sourcecode.swift; path = ViewController.swift; sourceTree = "<group>"; };
		981EF7791CE1A25F004A1A38 /* Base */ = {isa = PBXFileReference; lastKnownFileType = file.storyboard; name = Base; path = Base.lproj/Main.storyboard; sourceTree = "<group>"; };
		981EF77B1CE1A25F004A1A38 /* Assets.xcassets */ = {isa = PBXFileReference; lastKnownFileType = folder.assetcatalog; path = Assets.xcassets; sourceTree = "<group>"; };
		981EF77E1CE1A25F004A1A38 /* Base */ = {isa = PBXFileReference; lastKnownFileType = file.storyboard; name = Base; path = Base.lproj/LaunchScreen.storyboard; sourceTree = "<group>"; };
		981EF7801CE1A25F004A1A38 /* Info.plist */ = {isa = PBXFileReference; lastKnownFileType = text.plist.xml; path = Info.plist; sourceTree = "<group>"; };
/* End PBXFileReference section */

/* Begin PBXFrameworksBuildPhase section */
		981EF76E1CE1A25E004A1A38 /* Frameworks */ = {
			isa = PBXFrameworksBuildPhase;
			buildActionMask = 2147483647;
			files = (
			);
			runOnlyForDeploymentPostprocessing = 0;
		};
/* End PBXFrameworksBuildPhase section */

/* Begin PBXGroup section */
		981EF7681CE1A25E004A1A38 = {
			isa = PBXGroup;
			children = (
				981EF7731CE1A25F004A1A38 /* Infinite-scroll-swift */,
				981EF7721CE1A25E004A1A38 /* Products */,
			);
			sourceTree = "<group>";
		};
		981EF7721CE1A25E004A1A38 /* Products */ = {
			isa = PBXGroup;
			children = (
				981EF7711CE1A25E004A1A38 /* Infinite-scroll-swift.app */,
			);
			name = Products;
			sourceTree = "<group>";
		};
		981EF7731CE1A25F004A1A38 /* Infinite-scroll-swift */ = {
			isa = PBXGroup;
			children = (
				981EF7881CE1A38F004A1A38 /* AppDelegate */,
				981EF7891CE1A397004A1A38 /* ViewController */,
				981EF7871CE1A388004A1A38 /* Storyboard */,
				981EF7861CE1A380004A1A38 /* Assets */,
			);
			path = "Infinite-scroll-swift";
			sourceTree = "<group>";
		};
		981EF7861CE1A380004A1A38 /* Assets */ = {
			isa = PBXGroup;
			children = (
				981EF77B1CE1A25F004A1A38 /* Assets.xcassets */,
				981EF7801CE1A25F004A1A38 /* Info.plist */,
			);
			name = Assets;
			sourceTree = "<group>";
		};
		981EF7871CE1A388004A1A38 /* Storyboard */ = {
			isa = PBXGroup;
			children = (
				981EF7781CE1A25F004A1A38 /* Main.storyboard */,
				981EF77D1CE1A25F004A1A38 /* LaunchScreen.storyboard */,
			);
			name = Storyboard;
			sourceTree = "<group>";
		};
		981EF7881CE1A38F004A1A38 /* AppDelegate */ = {
			isa = PBXGroup;
			children = (
				981EF7741CE1A25F004A1A38 /* AppDelegate.swift */,
			);
			name = AppDelegate;
			sourceTree = "<group>";
		};
		981EF7891CE1A397004A1A38 /* ViewController */ = {
			isa = PBXGroup;
			children = (
				981EF7761CE1A25F004A1A38 /* ViewController.swift */,
			);
			name = ViewController;
			sourceTree = "<group>";
		};
/* End PBXGroup section */

/* Begin PBXNativeTarget section */
		981EF7701CE1A25E004A1A38 /* Infinite-scroll-swift */ = {
			isa = PBXNativeTarget;
			buildConfigurationList = 981EF7831CE1A25F004A1A38 /* Build configuration list for PBXNativeTarget "Infinite-scroll-swift" */;
			buildPhases = (
				981EF76D1CE1A25E004A1A38 /* Sources */,
				981EF76E1CE1A25E004A1A38 /* Frameworks */,
				981EF76F1CE1A25E004A1A38 /* Resources */,
			);
			buildRules = (
			);
			dependencies = (
			);
			name = "Infinite-scroll-swift";
			productName = "Infinite-scroll-swift";
			productReference = 981EF7711CE1A25E004A1A38 /* Infinite-scroll-swift.app */;
			productType = "com.apple.product-type.application";
		};
/* End PBXNativeTarget section */

/* Begin PBXProject section */
		981EF7691CE1A25E004A1A38 /* Project object */ = {
			isa = PBXProject;
			attributes = {
				LastSwiftUpdateCheck = 0730;
				LastUpgradeCheck = 0730;
				ORGANIZATIONNAME = iGROOMGRiM;
				TargetAttributes = {
					981EF7701CE1A25E004A1A38 = {
						CreatedOnToolsVersion = 7.3;
					};
				};
			};
			buildConfigurationList = 981EF76C1CE1A25E004A1A38 /* Build configuration list for PBXProject "Infinite-scroll-swift" */;
			compatibilityVersion = "Xcode 3.2";
			developmentRegion = English;
			hasScannedForEncodings = 0;
			knownRegions = (
				en,
				Base,
			);
			mainGroup = 981EF7681CE1A25E004A1A38;
			productRefGroup = 981EF7721CE1A25E004A1A38 /* Products */;
			projectDirPath = "";
			projectRoot = "";
			targets = (
				981EF7701CE1A25E004A1A38 /* Infinite-scroll-swift */,
			);
		};
/* End PBXProject section */

/* Begin PBXResourcesBuildPhase section */
		981EF76F1CE1A25E004A1A38 /* Resources */ = {
			isa = PBXResourcesBuildPhase;
			buildActionMask = 2147483647;
			files = (
				981EF77F1CE1A25F004A1A38 /* LaunchScreen.storyboard in Resources */,
				981EF77C1CE1A25F004A1A38 /* Assets.xcassets in Resources */,
				981EF77A1CE1A25F004A1A38 /* Main.storyboard in Resources */,
			);
			runOnlyForDeploymentPostprocessing = 0;
		};
/* End PBXResourcesBuildPhase section */

/* Begin PBXSourcesBuildPhase section */
		981EF76D1CE1A25E004A1A38 /* Sources */ = {
			isa = PBXSourcesBuildPhase;
			buildActionMask = 2147483647;
			files = (
				981EF7771CE1A25F004A1A38 /* ViewController.swift in Sources */,
				981EF7751CE1A25F004A1A38 /* AppDelegate.swift in Sources */,
			);
			runOnlyForDeploymentPostprocessing = 0;
		};
/* End PBXSourcesBuildPhase section */

/* Begin PBXVariantGroup section */
		981EF7781CE1A25F004A1A38 /* Main.storyboard */ = {
			isa = PBXVariantGroup;
			children = (
				981EF7791CE1A25F004A1A38 /* Base */,
			);
			name = Main.storyboard;
			sourceTree = "<group>";
		};
		981EF77D1CE1A25F004A1A38 /* LaunchScreen.storyboard */ = {
			isa = PBXVariantGroup;
			children = (
				981EF77E1CE1A25F004A1A38 /* Base */,
			);
			name = LaunchScreen.storyboard;
			sourceTree = "<group>";
		};
/* End PBXVariantGroup section */

/* Begin XCBuildConfiguration section */
		981EF7811CE1A25F004A1A38 /* Debug */ = {
			isa = XCBuildConfiguration;
			buildSettings = {
				ALWAYS_SEARCH_USER_PATHS = NO;
				CLANG_ANALYZER_NONNULL = YES;
				CLANG_CXX_LANGUAGE_STANDARD = "gnu++0x";
				CLANG_CXX_LIBRARY = "libc++";
				CLANG_ENABLE_MODULES = YES;
				CLANG_ENABLE_OBJC_ARC = YES;
				CLANG_WARN_BOOL_CONVERSION = YES;
				CLANG_WARN_CONSTANT_CONVERSION = YES;
				CLANG_WARN_DIRECT_OBJC_ISA_USAGE = YES_ERROR;
				CLANG_WARN_EMPTY_BODY = YES;
				CLANG_WARN_ENUM_CONVERSION = YES;
				CLANG_WARN_INT_CONVERSION = YES;
				CLANG_WARN_OBJC_ROOT_CLASS = YES_ERROR;
				CLANG_WARN_UNREACHABLE_CODE = YES;
				CLANG_WARN__DUPLICATE_METHOD_MATCH = YES;
				"CODE_SIGN_IDENTITY[sdk=iphoneos*]" = "iPhone Developer";
				COPY_PHASE_STRIP = NO;
				DEBUG_INFORMATION_FORMAT = dwarf;
				ENABLE_STRICT_OBJC_MSGSEND = YES;
				ENABLE_TESTABILITY = YES;
				GCC_C_LANGUAGE_STANDARD = gnu99;
				GCC_DYNAMIC_NO_PIC = NO;
				GCC_NO_COMMON_BLOCKS = YES;
				GCC_OPTIMIZATION_LEVEL = 0;
				GCC_PREPROCESSOR_DEFINITIONS = (
					"DEBUG=1",
					"$(inherited)",
				);
				GCC_WARN_64_TO_32_BIT_CONVERSION = YES;
				GCC_WARN_ABOUT_RETURN_TYPE = YES_ERROR;
				GCC_WARN_UNDECLARED_SELECTOR = YES;
				GCC_WARN_UNINITIALIZED_AUTOS = YES_AGGRESSIVE;
				GCC_WARN_UNUSED_FUNCTION = YES;
				GCC_WARN_UNUSED_VARIABLE = YES;
				IPHONEOS_DEPLOYMENT_TARGET = 9.3;
				MTL_ENABLE_DEBUG_INFO = YES;
				ONLY_ACTIVE_ARCH = YES;
				SDKROOT = iphoneos;
				SWIFT_OPTIMIZATION_LEVEL = "-Onone";
			};
			name = Debug;
		};
		981EF7821CE1A25F004A1A38 /* Release */ = {
			isa = XCBuildConfiguration;
			buildSettings = {
				ALWAYS_SEARCH_USER_PATHS = NO;
				CLANG_ANALYZER_NONNULL = YES;
				CLANG_CXX_LANGUAGE_STANDARD = "gnu++0x";
				CLANG_CXX_LIBRARY = "libc++";
				CLANG_ENABLE_MODULES = YES;
				CLANG_ENABLE_OBJC_ARC = YES;
				CLANG_WARN_BOOL_CONVERSION = YES;
				CLANG_WARN_CONSTANT_CONVERSION = YES;
				CLANG_WARN_DIRECT_OBJC_ISA_USAGE = YES_ERROR;
				CLANG_WARN_EMPTY_BODY = YES;
				CLANG_WARN_ENUM_CONVERSION = YES;
				CLANG_WARN_INT_CONVERSION = YES;
				CLANG_WARN_OBJC_ROOT_CLASS = YES_ERROR;
				CLANG_WARN_UNREACHABLE_CODE = YES;
				CLANG_WARN__DUPLICATE_METHOD_MATCH = YES;
				"CODE_SIGN_IDENTITY[sdk=iphoneos*]" = "iPhone Developer";
				COPY_PHASE_STRIP = NO;
				DEBUG_INFORMATION_FORMAT = "dwarf-with-dsym";
				ENABLE_NS_ASSERTIONS = NO;
				ENABLE_STRICT_OBJC_MSGSEND = YES;
				GCC_C_LANGUAGE_STANDARD = gnu99;
				GCC_NO_COMMON_BLOCKS = YES;
				GCC_WARN_64_TO_32_BIT_CONVERSION = YES;
				GCC_WARN_ABOUT_RETURN_TYPE = YES_ERROR;
				GCC_WARN_UNDECLARED_SELECTOR = YES;
				GCC_WARN_UNINITIALIZED_AUTOS = YES_AGGRESSIVE;
				GCC_WARN_UNUSED_FUNCTION = YES;
				GCC_WARN_UNUSED_VARIABLE = YES;
				IPHONEOS_DEPLOYMENT_TARGET = 9.3;
				MTL_ENABLE_DEBUG_INFO = NO;
				SDKROOT = iphoneos;
				VALIDATE_PRODUCT = YES;
			};
			name = Release;
		};
		981EF7841CE1A25F004A1A38 /* Debug */ = {
			isa = XCBuildConfiguration;
			buildSettings = {
				ASSETCATALOG_COMPILER_APPICON_NAME = AppIcon;
				INFOPLIST_FILE = "Infinite-scroll-swift/Info.plist";
				LD_RUNPATH_SEARCH_PATHS = "$(inherited) @executable_path/Frameworks";
				PRODUCT_BUNDLE_IDENTIFIER = "com.igroomgrim.Infinite-scroll-swift";
				PRODUCT_NAME = "$(TARGET_NAME)";
			};
			name = Debug;
		};
		981EF7851CE1A25F004A1A38 /* Release */ = {
			isa = XCBuildConfiguration;
			buildSettings = {
				ASSETCATALOG_COMPILER_APPICON_NAME = AppIcon;
				INFOPLIST_FILE = "Infinite-scroll-swift/Info.plist";
				LD_RUNPATH_SEARCH_PATHS = "$(inherited) @executable_path/Frameworks";
				PRODUCT_BUNDLE_IDENTIFIER = "com.igroomgrim.Infinite-scroll-swift";
				PRODUCT_NAME = "$(TARGET_NAME)";
			};
			name = Release;
		};
/* End XCBuildConfiguration section */

/* Begin XCConfigurationList section */
		981EF76C1CE1A25E004A1A38 /* Build configuration list for PBXProject "Infinite-scroll-swift" */ = {
			isa = XCConfigurationList;
			buildConfigurations = (
				981EF7811CE1A25F004A1A38 /* Debug */,
				981EF7821CE1A25F004A1A38 /* Release */,
			);
			defaultConfigurationIsVisible = 0;
			defaultConfigurationName = Release;
		};
		981EF7831CE1A25F004A1A38 /* Build configuration list for PBXNativeTarget "Infinite-scroll-swift" */ = {
			isa = XCConfigurationList;
			buildConfigurations = (
				981EF7841CE1A25F004A1A38 /* Debug */,
				981EF7851CE1A25F004A1A38 /* Release */,
			);
			defaultConfigurationIsVisible = 0;
		};
/* End XCConfigurationList section */
	};
	rootObject = 981EF7691CE1A25E004A1A38 /* Project object */;
}
